Microsoft Visual Studio Solution File, Format Version 12.00
# Visual Studio Version 17
VisualStudioVersion = 17.5.2.0
MinimumVisualStudioVersion = 10.0.40219.1
Project("{FAE04EC0-301F-11D3-BF4B-00C04F79EFBC}") = "LeetCodeInCSharp", "LeetCodeInCSharp.csproj", "{EB2FD2F7-5B4C-39F1-E457-5053EBDABC39}"
EndProject
Global
	GlobalSection(SolutionConfigurationPlatforms) = preSolution
		Debug|Any CPU = Debug|Any CPU
		Release|Any CPU = Release|Any CPU
	EndGlobalSection
	GlobalSection(ProjectConfigurationPlatforms) = postSolution
		{EB2FD2F7-5B4C-39F1-E457-5053EBDABC39}.Debug|Any CPU.ActiveCfg = Debug|Any CPU
		{EB2FD2F7-5B4C-39F1-E457-5053EBDABC39}.Debug|Any CPU.Build.0 = Debug|Any CPU
		{EB2FD2F7-5B4C-39F1-E457-5053EBDABC39}.Release|Any CPU.ActiveCfg = Release|Any CPU
		{EB2FD2F7-5B4C-39F1-E457-5053EBDABC39}.Release|Any CPU.Build.0 = Release|Any CPU
	EndGlobalSection
	GlobalSection(SolutionProperties) = preSolution
		HideSolutionNode = FALSE
	EndGlobalSection
	GlobalSection(ExtensibilityGlobals) = postSolution
		SolutionGuid = {12DB0B73-D5D4-44E7-94FB-9EC6FC1C76E0}
	EndGlobalSection
EndGlobal
